generated_at: '2026-09-23T13:36:05.962554+00:00'
agpack_version: 0.3.1
installed:
- url: https://github.com/obra/superpowers
  resolved_ref: 5bf4e78011075bcfc0dc295f0724994cd123ee71
  type: skill
  deployed_files:
  - .opencode/skills/brainstorming/SKILL.md
  - .opencode/skills/brainstorming/scripts/frame-template.html
  - .opencode/skills/brainstorming/scripts/helper.js
  - .opencode/skills/brainstorming/scripts/server.cjs
  - .opencode/skills/brainstorming/scripts/start-server.sh
  - .opencode/skills/brainstorming/scripts/stop-server.sh
  - .opencode/skills/brainstorming/spec-document-reviewer-prompt.md
  - .opencode/skills/brainstorming/visual-companion.md
  - .opencode/skills/diagnosing-superpowers/SKILL.md
  - .opencode/skills/diagnosing-superpowers/prompts/analyst-common.md
  - .opencode/skills/diagnosing-superpowers/prompts/cost-and-time.md
  - .opencode/skills/diagnosing-superpowers/prompts/plan-adherence.md
  - .opencode/skills/diagnosing-superpowers/prompts/quality-evidence.md
  - .opencode/skills/diagnosing-superpowers/prompts/repeated-work.md
  - .opencode/skills/diagnosing-superpowers/prompts/request-conflicts.md
  - .opencode/skills/diagnosing-superpowers/prompts/scrub-audit.md
  - .opencode/skills/diagnosing-superpowers/prompts/scrub.md
  - .opencode/skills/diagnosing-superpowers/prompts/similar-session.md
  - .opencode/skills/diagnosing-superpowers/prompts/skill-timeline.md
  - .opencode/skills/diagnosing-superpowers/prompts/stumbles.md
  - .opencode/skills/diagnosing-superpowers/references/context-safety.md
  - .opencode/skills/diagnosing-superpowers/references/github-issues.md
  - .opencode/skills/diagnosing-superpowers/references/redaction-policy.md
  - .opencode/skills/diagnosing-superpowers/references/session-discovery.md
  - .opencode/skills/diagnosing-superpowers/templates/bundle-README.md
  - .opencode/skills/diagnosing-superpowers/templates/case.md
  - .opencode/skills/diagnosing-superpowers/templates/issue.md
  - .opencode/skills/diagnosing-superpowers/templates/report.md
  - .opencode/skills/dispatching-parallel-agents/SKILL.md
  - .opencode/skills/executing-plans/SKILL.md
  - .opencode/skills/executing-plans/scripts/task-done
  - .opencode/skills/executing-plans/scripts/task-start
  - .opencode/skills/finishing-a-development-branch/SKILL.md
  - .opencode/skills/receiving-code-review/SKILL.md
  - .opencode/skills/requesting-code-review/SKILL.md
  - .opencode/skills/requesting-code-review/code-reviewer.md
  - .opencode/skills/subagent-driven-development/SKILL.md
  - .opencode/skills/subagent-driven-development/implementer-prompt.md
  - .opencode/skills/subagent-driven-development/re-review-prompt.md
  - .opencode/skills/subagent-driven-development/scripts/review-package
  - .opencode/skills/subagent-driven-development/scripts/sdd-workspace
  - .opencode/skills/subagent-driven-development/scripts/task-brief
  - .opencode/skills/subagent-driven-development/task-reviewer-prompt.md
  - .opencode/skills/systematic-debugging/CREATION-LOG.md
  - .opencode/skills/systematic-debugging/SKILL.md
  - .opencode/skills/systematic-debugging/condition-based-waiting-example.ts
  - .opencode/skills/systematic-debugging/condition-based-waiting.md
  - .opencode/skills/systematic-debugging/defense-in-depth.md
  - .opencode/skills/systematic-debugging/find-polluter.sh
  - .opencode/skills/systematic-debugging/root-cause-tracing.md
  - .opencode/skills/systematic-debugging/test-academic.md
  - .opencode/skills/systematic-debugging/test-pressure-1.md
  - .opencode/skills/systematic-debugging/test-pressure-2.md
  - .opencode/skills/systematic-debugging/test-pressure-3.md
  - .opencode/skills/test-driven-development/SKILL.md
  - .opencode/skills/test-driven-development/writing-good-tests.md
  - .opencode/skills/using-git-worktrees/SKILL.md
  - .opencode/skills/using-superpowers/SKILL.md
  - .opencode/skills/using-superpowers/references/antigravity-tools.md
  - .opencode/skills/using-superpowers/references/claude-code-tools.md
  - .opencode/skills/using-superpowers/references/codex-tools.md
  - .opencode/skills/using-superpowers/references/gemini-tools.md
  - .opencode/skills/using-superpowers/references/hermes-tools.md
  - .opencode/skills/using-superpowers/references/muse-tools.md
  - .opencode/skills/using-superpowers/references/pi-tools.md
  - .opencode/skills/verification-before-completion/SKILL.md
  - .opencode/skills/writing-plans/SKILL.md
  - .opencode/skills/writing-plans/plan-document-reviewer-prompt.md
  - .opencode/skills/writing-skills/SKILL.md
  - .opencode/skills/writing-skills/anthropic-best-practices.md
  - .opencode/skills/writing-skills/examples/CLAUDE_MD_TESTING.md
  - .opencode/skills/writing-skills/graphviz-conventions.dot
  - .opencode/skills/writing-skills/persuasion-principles.md
  - .opencode/skills/writing-skills/render-graphs.js
  - .opencode/skills/writing-skills/testing-skills-with-subagents.md
  path: skills
- url: https://github.com/wad-jet/maestro
  resolved_ref: 46b0dd9763f07670c80e9c0cb9be42ca4cec0982
  type: skill
  deployed_files:
  - .opencode/skills/maestro-assistant/SKILL.md
  path: skills/maestro-assistant
- url: https://github.com/wad-jet/maestro
  resolved_ref: 46b0dd9763f07670c80e9c0cb9be42ca4cec0982
  type: skill
  deployed_files:
  - .opencode/skills/maestro-setup/SKILL.md
  - .opencode/skills/maestro-setup/init-context.md
  path: skills/maestro-setup
- url: https://github.com/wad-jet/maestro
  resolved_ref: 46b0dd9763f07670c80e9c0cb9be42ca4cec0982
  type: skill
  deployed_files:
  - .opencode/skills/manual-docs/SKILL.md
  path: skills/manual-docs
- url: https://github.com/wad-jet/maestro
  resolved_ref: 46b0dd9763f07670c80e9c0cb9be42ca4cec0982
  type: skill
  deployed_files:
  - .opencode/skills/maestro-feedback-report/SKILL.md
  - .opencode/skills/maestro-feedback-report/timeline.mjs
  - .opencode/skills/maestro-feedback-report/timeline.test.mjs
  path: skills/maestro-feedback-report
- url: https://github.com/wad-jet/maestro
  resolved_ref: 46b0dd9763f07670c80e9c0cb9be42ca4cec0982
  type: skill
  deployed_files:
  - .opencode/skills/maestro-design/SKILL.md
  path: skills/maestro-design
- url: https://github.com/wad-jet/maestro
  resolved_ref: 46b0dd9763f07670c80e9c0cb9be42ca4cec0982
  type: skill
  deployed_files:
  - .opencode/skills/maestro/SKILL.md
  - .opencode/skills/maestro/auto-ai-decision-prompt.md
  - .opencode/skills/maestro/custodian-prompt.md
  - .opencode/skills/maestro/implementer-prompt.md
  - .opencode/skills/maestro/invariants.md
  - .opencode/skills/maestro/preview-http-server.cjs
  - .opencode/skills/maestro/spec-review-prompt.md
  - .opencode/skills/maestro/stack-detection.md
  path: skills/maestro
- url: https://github.com/wad-jet/maestro
  resolved_ref: 46b0dd9763f07670c80e9c0cb9be42ca4cec0982
  type: command
  deployed_files:
  - .opencode/commands/maestro-assistant.md
  - .opencode/commands/maestro-design.md
  - .opencode/commands/maestro-feedback-report.md
  - .opencode/commands/maestro-init.md
  - .opencode/commands/maestro-memory-prune.md
  - .opencode/commands/maestro-memory-reindex.md
  - .opencode/commands/maestro-memory-report.md
  - .opencode/commands/maestro-memory.md
  - .opencode/commands/maestro-setup.md
  - .opencode/commands/maestro-version.md
  - .opencode/commands/regression.md
  - .opencode/commands/test-agents.md
  path: commands
- url: https://github.com/wad-jet/maestro
  resolved_ref: 46b0dd9763f07670c80e9c0cb9be42ca4cec0982
  type: agent
  deployed_files:
  - .opencode/agents/code-reviewer.md
  - .opencode/agents/custodian.md
  - .opencode/agents/fable.md
  - .opencode/agents/haiku.md
  - .opencode/agents/opus.md
  - .opencode/agents/sanitizer.md
  - .opencode/agents/sonnet.md
  path: agents
mcp: []
